// !$*UTF8*$!
{
	archiveVersion = 1;
	classes = {
	};
	objectVersion = 55;
	objects = {

/* Begin PBXBuildFile section */
		967D8DB22795A2830094ADF6 /* BudgetApp.swift in Sources */ = {isa = PBXBuildFile; fileRef = 967D8DB12795A2830094ADF6 /* BudgetApp.swift */; };
		967D8DB42795A2830094ADF6 /* ContentView.swift in Sources */ = {isa = PBXBuildFile; fileRef = 967D8DB32795A2830094ADF6 /* ContentView.swift */; };
		967D8DB62795A2850094ADF6 /* Assets.xcassets in Resources */ = {isa = PBXBuildFile; fileRef = 967D8DB52795A2850094ADF6 /* Assets.xcassets */; };
		967D8DB92795A2850094ADF6 /* Preview Assets.xcassets in Resources */ = {isa = PBXBuildFile; fileRef = 967D8DB82795A2850094ADF6 /* Preview Assets.xcassets */; };
		967D8DC02795A2E50094ADF6 /* GoogleService-Info.plist in Resources */ = {isa = PBXBuildFile; fileRef = 967D8DBF2795A2E50094ADF6 /* GoogleService-Info.plist */; };
		967D8DC32795A3720094ADF6 /* FirebaseAnalytics in Frameworks */ = {isa = PBXBuildFile; productRef = 967D8DC22795A3720094ADF6 /* FirebaseAnalytics */; };
		967D8DC52795A3720094ADF6 /* FirebaseAnalyticsSwift-Beta in Frameworks */ = {isa = PBXBuildFile; productRef = 967D8DC42795A3720094ADF6 /* FirebaseAnalyticsSwift-Beta */; };
		967D8DC72795A3720094ADF6 /* FirebaseDatabase in Frameworks */ = {isa = PBXBuildFile; productRef = 967D8DC62795A3720094ADF6 /* FirebaseDatabase */; };
		967D8DC92795A3720094ADF6 /* FirebaseDatabaseSwift-Beta in Frameworks */ = {isa = PBXBuildFile; productRef = 967D8DC82795A3720094ADF6 /* FirebaseDatabaseSwift-Beta */; };
		967D8DCB2795A3720094ADF6 /* FirebaseFirestore in Frameworks */ = {isa = PBXBuildFile; productRef = 967D8DCA2795A3720094ADF6 /* FirebaseFirestore */; };
		967D8DCD2795A3720094ADF6 /* FirebaseFirestoreSwift-Beta in Frameworks */ = {isa = PBXBuildFile; productRef = 967D8DCC2795A3720094ADF6 /* FirebaseFirestoreSwift-Beta */; };
		967D8DCF2795A3720094ADF6 /* FirebaseStorage in Frameworks */ = {isa = PBXBuildFile; productRef = 967D8DCE2795A3720094ADF6 /* FirebaseStorage */; };
		967D8DD12795A4560094ADF6 /* BudgetRepository.swift in Sources */ = {isa = PBXBuildFile; fileRef = 967D8DD02795A4560094ADF6 /* BudgetRepository.swift */; };
/* End PBXBuildFile section */

/* Begin PBXFileReference section */
		967D8DAE2795A2830094ADF6 /* Budget.app */ = {isa = PBXFileReference; explicitFileType = wrapper.application; includeInIndex = 0; path = Budget.app; sourceTree = BUILT_PRODUCTS_DIR; };
		967D8DB12795A2830094ADF6 /* BudgetApp.swift */ = {isa = PBXFileReference; lastKnownFileType = sourcecode.swift; path = BudgetApp.swift; sourceTree = "<group>"; };
		967D8DB32795A2830094ADF6 /* ContentView.swift */ = {isa = PBXFileReference; lastKnownFileType = sourcecode.swift; path = ContentView.swift; sourceTree = "<group>"; };
		967D8DB52795A2850094ADF6 /* Assets.xcassets */ = {isa = PBXFileReference; lastKnownFileType = folder.assetcatalog; path = Assets.xcassets; sourceTree = "<group>"; };
		967D8DB82795A2850094ADF6 /* Preview Assets.xcassets */ = {isa = PBXFileReference; lastKnownFileType = folder.assetcatalog; path = "Preview Assets.xcassets"; sourceTree = "<group>"; };
		967D8DBF2795A2E50094ADF6 /* GoogleService-Info.plist */ = {isa = PBXFileReference; fileEncoding = 4; lastKnownFileType = text.plist.xml; path = "GoogleService-Info.plist"; sourceTree = "<group>"; };
		967D8DD02795A4560094ADF6 /* BudgetRepository.swift */ = {isa = PBXFileReference; lastKnownFileType = sourcecode.swift; path = BudgetRepository.swift; sourceTree = "<group>"; };
/* End PBXFileReference section */

/* Begin PBXFrameworksBuildPhase section */
		967D8DAB2795A2830094ADF6 /* Frameworks */ = {
			isa = PBXFrameworksBuildPhase;
			buildActionMask = 2147483647;
			files = (
				967D8DC72795A3720094ADF6 /* FirebaseDatabase in Frameworks */,
				967D8DC52795A3720094ADF6 /* FirebaseAnalyticsSwift-Beta in Frameworks */,
				967D8DC92795A3720094ADF6 /* FirebaseDatabaseSwift-Beta in Frameworks */,
				967D8DCD2795A3720094ADF6 /* FirebaseFirestoreSwift-Beta in Frameworks */,
				967D8DCF2795A3720094ADF6 /* FirebaseStorage in Frameworks */,
				967D8DCB2795A3720094ADF6 /* FirebaseFirestore in Frameworks */,
				967D8DC32795A3720094ADF6 /* FirebaseAnalytics in Frameworks */,
			);
			runOnlyForDeploymentPostprocessing = 0;
		};
/* End PBXFrameworksBuildPhase section */

/* Begin PBXGroup section */
		967D8DA52795A2830094ADF6 = {
			isa = PBXGroup;
			children = (
				967D8DB02795A2830094ADF6 /* Budget */,
				967D8DAF2795A2830094ADF6 /* Products */,
			);
			sourceTree = "<group>";
		};
		967D8DAF2795A2830094ADF6 /* Products */ = {
			isa = PBXGroup;
			children = (
				967D8DAE2795A2830094ADF6 /* Budget.app */,
			);
			name = Products;
			sourceTree = "<group>";
		};
		967D8DB02795A2830094ADF6 /* Budget */ = {
			isa = PBXGroup;
			children = (
				967D8DB12795A2830094ADF6 /* BudgetApp.swift */,
				967D8DD02795A4560094ADF6 /* BudgetRepository.swift */,
				967D8DB32795A2830094ADF6 /* ContentView.swift */,
				967D8DB52795A2850094ADF6 /* Assets.xcassets */,
				967D8DB72795A2850094ADF6 /* Preview Content */,
			);
			path = Budget;
			sourceTree = "<group>";
		};
		967D8DB72795A2850094ADF6 /* Preview Content */ = {
			isa = PBXGroup;
			children = (
				967D8DB82795A2850094ADF6 /* Preview Assets.xcassets */,
				967D8DBF2795A2E50094ADF6 /* GoogleService-Info.plist */,
			);
			path = "Preview Content";
			sourceTree = "<group>";
		};
/* End PBXGroup section */

/* Begin PBXNativeTarget section */
		967D8DAD2795A2830094ADF6 /* Budget */ = {
			isa = PBXNativeTarget;
			buildConfigurationList = 967D8DBC2795A2850094ADF6 /* Build configuration list for PBXNativeTarget "Budget" */;
			buildPhases = (
				967D8DAA2795A2830094ADF6 /* Sources */,
				967D8DAB2795A2830094ADF6 /* Frameworks */,
				967D8DAC2795A2830094ADF6 /* Resources */,
			);
			buildRules = (
			);
			dependencies = (
			);
			name = Budget;
			packageProductDependencies = (
				967D8DC22795A3720094ADF6 /* FirebaseAnalytics */,
				967D8DC42795A3720094ADF6 /* FirebaseAnalyticsSwift-Beta */,
				967D8DC62795A3720094ADF6 /* FirebaseDatabase */,
				967D8DC82795A3720094ADF6 /* FirebaseDatabaseSwift-Beta */,
				967D8DCA2795A3720094ADF6 /* FirebaseFirestore */,
				967D8DCC2795A3720094ADF6 /* FirebaseFirestoreSwift-Beta */,
				967D8DCE2795A3720094ADF6 /* FirebaseStorage */,
			);
			productName = Budget;
			productReference = 967D8DAE2795A2830094ADF6 /* Budget.app */;
			productType = "com.apple.product-type.application";
		};
/* End PBXNativeTarget section */

/* Begin PBXProject section */
		967D8DA62795A2830094ADF6 /* Project object */ = {
			isa = PBXProject;
			attributes = {
				BuildIndependentTargetsInParallel = 1;
				LastSwiftUpdateCheck = 1320;
				LastUpgradeCheck = 1320;
				TargetAttributes = {
					967D8DAD2795A2830094ADF6 = {
						CreatedOnToolsVersion = 13.2.1;
					};
				};
			};
			buildConfigurationList = 967D8DA92795A2830094ADF6 /* Build configuration list for PBXProject "Budget" */;
			compatibilityVersion = "Xcode 13.0";
			developmentRegion = en;
			hasScannedForEncodings = 0;
			knownRegions = (
				en,
				Base,
			);
			mainGroup = 967D8DA52795A2830094ADF6;
			packageReferences = (
				967D8DC12795A3720094ADF6 /* XCRemoteSwiftPackageReference "firebase-ios-sdk" */,
			);
			productRefGroup = 967D8DAF2795A2830094ADF6 /* Products */;
			projectDirPath = "";
			projectRoot = "";
			targets = (
				967D8DAD2795A2830094ADF6 /* Budget */,
			);
		};
/* End PBXProject section */

/* Begin PBXResourcesBuildPhase section */
		967D8DAC2795A2830094ADF6 /* Resources */ = {
			isa = PBXResourcesBuildPhase;
			buildActionMask = 2147483647;
			files = (
				967D8DB92795A2850094ADF6 /* Preview Assets.xcassets in Resources */,
				967D8DB62795A2850094ADF6 /* Assets.xcassets in Resources */,
				967D8DC02795A2E50094ADF6 /* GoogleService-Info.plist in Resources */,
			);
			runOnlyForDeploymentPostprocessing = 0;
		};
/* End PBXResourcesBuildPhase section */

/* Begin PBXSourcesBuildPhase section */
		967D8DAA2795A2830094ADF6 /* Sources */ = {
			isa = PBXSourcesBuildPhase;
			buildActionMask = 2147483647;
			files = (
				967D8DB42795A2830094ADF6 /* ContentView.swift in Sources */,
				967D8DD12795A4560094ADF6 /* BudgetRepository.swift in Sources */,
				967D8DB22795A2830094ADF6 /* BudgetApp.swift in Sources */,
			);
			runOnlyForDeploymentPostprocessing = 0;
		};
/* End PBXSourcesBuildPhase section */

/* Begin XCBuildConfiguration section */
		967D8DBA2795A2850094ADF6 /* Debug */ = {
			isa = XCBuildConfiguration;
			buildSettings = {
				ALWAYS_SEARCH_USER_PATHS = NO;
				CLANG_ANALYZER_NONNULL = YES;
				CLANG_ANALYZER_NUMBER_OBJECT_CONVERSION = YES_AGGRESSIVE;
				CLANG_CXX_LANGUAGE_STANDARD = "gnu++17";
				CLANG_CXX_LIBRARY = "libc++";
				CLANG_ENABLE_MODULES = YES;
				CLANG_ENABLE_OBJC_ARC = YES;
				CLANG_ENABLE_OBJC_WEAK = YES;
				CLANG_WARN_BLOCK_CAPTURE_AUTORELEASING = YES;
				CLANG_WARN_BOOL_CONVERSION = YES;
				CLANG_WARN_COMMA = YES;
				CLANG_WARN_CONSTANT_CONVERSION = YES;
				CLANG_WARN_DEPRECATED_OBJC_IMPLEMENTATIONS = YES;
				CLANG_WARN_DIRECT_OBJC_ISA_USAGE = YES_ERROR;
				CLANG_WARN_DOCUMENTATION_COMMENTS = YES;
				CLANG_WARN_EMPTY_BODY = YES;
				CLANG_WARN_ENUM_CONVERSION = YES;
				CLANG_WARN_INFINITE_RECURSION = YES;
				CLANG_WARN_INT_CONVERSION = YES;
				CLANG_WARN_NON_LITERAL_NULL_CONVERSION = YES;
				CLANG_WARN_OBJC_IMPLICIT_RETAIN_SELF = YES;
				CLANG_WARN_OBJC_LITERAL_CONVERSION = YES;
				CLANG_WARN_OBJC_ROOT_CLASS = YES_ERROR;
				CLANG_WARN_QUOTED_INCLUDE_IN_FRAMEWORK_HEADER = YES;
				CLANG_WARN_RANGE_LOOP_ANALYSIS = YES;
				CLANG_WARN_STRICT_PROTOTYPES = YES;
				CLANG_WARN_SUSPICIOUS_MOVE = YES;
				CLANG_WARN_UNGUARDED_AVAILABILITY = YES_AGGRESSIVE;
				CLANG_WARN_UNREACHABLE_CODE = YES;
				CLANG_WARN__DUPLICATE_METHOD_MATCH = YES;
				COPY_PHASE_STRIP = NO;
				DEBUG_INFORMATION_FORMAT = dwarf;
				ENABLE_STRICT_OBJC_MSGSEND = YES;
				ENABLE_TESTABILITY = YES;
				GCC_C_LANGUAGE_STANDARD = gnu11;
				GCC_DYNAMIC_NO_PIC = NO;
				GCC_NO_COMMON_BLOCKS = YES;
				GCC_OPTIMIZATION_LEVEL = 0;
				GCC_PREPROCESSOR_DEFINITIONS = (
					"DEBUG=1",
					"$(inherited)",
				);
				GCC_WARN_64_TO_32_BIT_CONVERSION = YES;
				GCC_WARN_ABOUT_RETURN_TYPE = YES_ERROR;
				GCC_WARN_UNDECLARED_SELECTOR = YES;
				GCC_WARN_UNINITIALIZED_AUTOS = YES_AGGRESSIVE;
				GCC_WARN_UNUSED_FUNCTION = YES;
				GCC_WARN_UNUSED_VARIABLE = YES;
				IPHONEOS_DEPLOYMENT_TARGET = 15.2;
				MTL_ENABLE_DEBUG_INFO = INCLUDE_SOURCE;
				MTL_FAST_MATH = YES;
				ONLY_ACTIVE_ARCH = YES;
				SDKROOT = iphoneos;
				SWIFT_ACTIVE_COMPILATION_CONDITIONS = DEBUG;
				SWIFT_OPTIMIZATION_LEVEL = "-Onone";
			};
			name = Debug;
		};
		967D8DBB2795A2850094ADF6 /* Release */ = {
			isa = XCBuildConfiguration;
			buildSettings = {
				ALWAYS_SEARCH_USER_PATHS = NO;
				CLANG_ANALYZER_NONNULL = YES;
				CLANG_ANALYZER_NUMBER_OBJECT_CONVERSION = YES_AGGRESSIVE;
				CLANG_CXX_LANGUAGE_STANDARD = "gnu++17";
				CLANG_CXX_LIBRARY = "libc++";
				CLANG_ENABLE_MODULES = YES;
				CLANG_ENABLE_OBJC_ARC = YES;
				CLANG_ENABLE_OBJC_WEAK = YES;
				CLANG_WARN_BLOCK_CAPTURE_AUTORELEASING = YES;
				CLANG_WARN_BOOL_CONVERSION = YES;
				CLANG_WARN_COMMA = YES;
				CLANG_WARN_CONSTANT_CONVERSION = YES;
				CLANG_WARN_DEPRECATED_OBJC_IMPLEMENTATIONS = YES;
				CLANG_WARN_DIRECT_OBJC_ISA_USAGE = YES_ERROR;
				CLANG_WARN_DOCUMENTATION_COMMENTS = YES;
				CLANG_WARN_EMPTY_BODY = YES;
				CLANG_WARN_ENUM_CONVERSION = YES;
				CLANG_WARN_INFINITE_RECURSION = YES;
				CLANG_WARN_INT_CONVERSION = YES;
				CLANG_WARN_NON_LITERAL_NULL_CONVERSION = YES;
				CLANG_WARN_OBJC_IMPLICIT_RETAIN_SELF = YES;
				CLANG_WARN_OBJC_LITERAL_CONVERSION = YES;
				CLANG_WARN_OBJC_ROOT_CLASS = YES_ERROR;
				CLANG_WARN_QUOTED_INCLUDE_IN_FRAMEWORK_HEADER = YES;
				CLANG_WARN_RANGE_LOOP_ANALYSIS = YES;
				CLANG_WARN_STRICT_PROTOTYPES = YES;
				CLANG_WARN_SUSPICIOUS_MOVE = YES;
				CLANG_WARN_UNGUARDED_AVAILABILITY = YES_AGGRESSIVE;
				CLANG_WARN_UNREACHABLE_CODE = YES;
				CLANG_WARN__DUPLICATE_METHOD_MATCH = YES;
				COPY_PHASE_STRIP = NO;
				DEBUG_INFORMATION_FORMAT = "dwarf-with-dsym";
				ENABLE_NS_ASSERTIONS = NO;
				ENABLE_STRICT_OBJC_MSGSEND = YES;
				GCC_C_LANGUAGE_STANDARD = gnu11;
				GCC_NO_COMMON_BLOCKS = YES;
				GCC_WARN_64_TO_32_BIT_CONVERSION = YES;
				GCC_WARN_ABOUT_RETURN_TYPE = YES_ERROR;
				GCC_WARN_UNDECLARED_SELECTOR = YES;
				GCC_WARN_UNINITIALIZED_AUTOS = YES_AGGRESSIVE;
				GCC_WARN_UNUSED_FUNCTION = YES;
				GCC_WARN_UNUSED_VARIABLE = YES;
				IPHONEOS_DEPLOYMENT_TARGET = 15.2;
				MTL_ENABLE_DEBUG_INFO = NO;
				MTL_FAST_MATH = YES;
				SDKROOT = iphoneos;
				SWIFT_COMPILATION_MODE = wholemodule;
				SWIFT_OPTIMIZATION_LEVEL = "-O";
				VALIDATE_PRODUCT = YES;
			};
			name = Release;
		};
		967D8DBD2795A2850094ADF6 /* Debug */ = {
			isa = XCBuildConfiguration;
			buildSettings = {
				ASSETCATALOG_COMPILER_APPICON_NAME = AppIcon;
				ASSETCATALOG_COMPILER_GLOBAL_ACCENT_COLOR_NAME = AccentColor;
				CODE_SIGN_STYLE = Automatic;
				CURRENT_PROJECT_VERSION = 1;
				DEVELOPMENT_ASSET_PATHS = "\"Budget/Preview Content\"";
				DEVELOPMENT_TEAM = AFS69AFJ7W;
				ENABLE_PREVIEWS = YES;
				GENERATE_INFOPLIST_FILE = YES;
				INFOPLIST_KEY_UIApplicationSceneManifest_Generation = YES;
				INFOPLIST_KEY_UIApplicationSupportsIndirectInputEvents = YES;
				INFOPLIST_KEY_UILaunchScreen_Generation = YES;
				INFOPLIST_KEY_UISupportedInterfaceOrientations_iPad = "UIInterfaceOrientationPortrait UIInterfaceOrientationPortraitUpsideDown UIInterfaceOrientationLandscapeLeft UIInterfaceOrientationLandscapeRight";
				INFOPLIST_KEY_UISupportedInterfaceOrientations_iPhone = "UIInterfaceOrientationPortrait UIInterfaceOrientationLandscapeLeft UIInterfaceOrientationLandscapeRight";
				LD_RUNPATH_SEARCH_PATHS = (
					"$(inherited)",
					"@executable_path/Frameworks",
				);
				MARKETING_VERSION = 1.0;
				PRODUCT_BUNDLE_IDENTIFIER = com.jason.Budget;
				PRODUCT_NAME = "$(TARGET_NAME)";
				SWIFT_EMIT_LOC_STRINGS = YES;
				SWIFT_VERSION = 5.0;
				TARGETED_DEVICE_FAMILY = "1,2";
			};
			name = Debug;
		};
		967D8DBE2795A2850094ADF6 /* Release */ = {
			isa = XCBuildConfiguration;
			buildSettings = {
				ASSETCATALOG_COMPILER_APPICON_NAME = AppIcon;
				ASSETCATALOG_COMPILER_GLOBAL_ACCENT_COLOR_NAME = AccentColor;
				CODE_SIGN_STYLE = Automatic;
				CURRENT_PROJECT_VERSION = 1;
				DEVELOPMENT_ASSET_PATHS = "\"Budget/Preview Content\"";
				DEVELOPMENT_TEAM = AFS69AFJ7W;
				ENABLE_PREVIEWS = YES;
				GENERATE_INFOPLIST_FILE = YES;
				INFOPLIST_KEY_UIApplicationSceneManifest_Generation = YES;
				INFOPLIST_KEY_UIApplicationSupportsIndirectInputEvents = YES;
				INFOPLIST_KEY_UILaunchScreen_Generation = YES;
				INFOPLIST_KEY_UISupportedInterfaceOrientations_iPad = "UIInterfaceOrientationPortrait UIInterfaceOrientationPortraitUpsideDown UIInterfaceOrientationLandscapeLeft UIInterfaceOrientationLandscapeRight";
				INFOPLIST_KEY_UISupportedInterfaceOrientations_iPhone = "UIInterfaceOrientationPortrait UIInterfaceOrientationLandscapeLeft UIInterfaceOrientationLandscapeRight";
				LD_RUNPATH_SEARCH_PATHS = (
					"$(inherited)",
					"@executable_path/Frameworks",
				);
				MARKETING_VERSION = 1.0;
				PRODUCT_BUNDLE_IDENTIFIER = com.jason.Budget;
				PRODUCT_NAME = "$(TARGET_NAME)";
				SWIFT_EMIT_LOC_STRINGS = YES;
				SWIFT_VERSION = 5.0;
				TARGETED_DEVICE_FAMILY = "1,2";
			};
			name = Release;
		};
/* End XCBuildConfiguration section */

/* Begin XCConfigurationList section */
		967D8DA92795A2830094ADF6 /* Build configuration list for PBXProject "Budget" */ = {
			isa = XCConfigurationList;
			buildConfigurations = (
				967D8DBA2795A2850094ADF6 /* Debug */,
				967D8DBB2795A2850094ADF6 /* Release */,
			);
			defaultConfigurationIsVisible = 0;
			defaultConfigurationName = Release;
		};
		967D8DBC2795A2850094ADF6 /* Build configuration list for PBXNativeTarget "Budget" */ = {
			isa = XCConfigurationList;
			buildConfigurations = (
				967D8DBD2795A2850094ADF6 /* Debug */,
				967D8DBE2795A2850094ADF6 /* Release */,
			);
			defaultConfigurationIsVisible = 0;
			defaultConfigurationName = Release;
		};
/* End XCConfigurationList section */

/* Begin XCRemoteSwiftPackageReference section */
		967D8DC12795A3720094ADF6 /* XCRemoteSwiftPackageReference "firebase-ios-sdk" */ = {
			isa = XCRemoteSwiftPackageReference;
			repositoryURL = "https://github.com/firebase/firebase-ios-sdk";
			requirement = {
				branch = master;
				kind = branch;
			};
		};
/* End XCRemoteSwiftPackageReference section */

/* Begin XCSwiftPackageProductDependency section */
		967D8DC22795A3720094ADF6 /* FirebaseAnalytics */ = {
			isa = XCSwiftPackageProductDependency;
			package = 967D8DC12795A3720094ADF6 /* XCRemoteSwiftPackageReference "firebase-ios-sdk" */;
			productName = FirebaseAnalytics;
		};
		967D8DC42795A3720094ADF6 /* FirebaseAnalyticsSwift-Beta */ = {
			isa = XCSwiftPackageProductDependency;
			package = 967D8DC12795A3720094ADF6 /* XCRemoteSwiftPackageReference "firebase-ios-sdk" */;
			productName = "FirebaseAnalyticsSwift-Beta";
		};
		967D8DC62795A3720094ADF6 /* FirebaseDatabase */ = {
			isa = XCSwiftPackageProductDependency;
			package = 967D8DC12795A3720094ADF6 /* XCRemoteSwiftPackageReference "firebase-ios-sdk" */;
			productName = FirebaseDatabase;
		};
		967D8DC82795A3720094ADF6 /* FirebaseDatabaseSwift-Beta */ = {
			isa = XCSwiftPackageProductDependency;
			package = 967D8DC12795A3720094ADF6 /* XCRemoteSwiftPackageReference "firebase-ios-sdk" */;
			productName = "FirebaseDatabaseSwift-Beta";
		};
		967D8DCA2795A3720094ADF6 /* FirebaseFirestore */ = {
			isa = XCSwiftPackageProductDependency;
			package = 967D8DC12795A3720094ADF6 /* XCRemoteSwiftPackageReference "firebase-ios-sdk" */;
			productName = FirebaseFirestore;
		};
		967D8DCC2795A3720094ADF6 /* FirebaseFirestoreSwift-Beta */ = {
			isa = XCSwiftPackageProductDependency;
			package = 967D8DC12795A3720094ADF6 /* XCRemoteSwiftPackageReference "firebase-ios-sdk" */;
			productName = "FirebaseFirestoreSwift-Beta";
		};
		967D8DCE2795A3720094ADF6 /* FirebaseStorage */ = {
			isa = XCSwiftPackageProductDependency;
			package = 967D8DC12795A3720094ADF6 /* XCRemoteSwiftPackageReference "firebase-ios-sdk" */;
			productName = FirebaseStorage;
		};
/* End XCSwiftPackageProductDependency section */
	};
	rootObject = 967D8DA62795A2830094ADF6 /* Project object */;
}
